
Microsoft Visual Studio Solution File, Format Version 12.00
# Visual Studio Version 16
VisualStudioVersion = 16.0.31729.503
MinimumVisualStudioVersion = 10.0.40219.1
Project("{FAE04EC0-301F-11D3-BF4B-00C04F79EFBC}") = "Preparation", "Preparation\Preparation.csproj", "{614F8E12-F0EB-461B-A888-2DC10DF472C5}"
EndProject
Global
	GlobalSection(SolutionConfigurationPlatforms) = preSolution
		Debug|Any CPU = Debug|Any CPU
		Release|Any CPU = Release|Any CPU
	EndGlobalSection
	GlobalSection(ProjectConfigurationPlatforms) = postSolution
		{614F8E12-F0EB-461B-A888-2DC10DF472C5}.Debug|Any CPU.ActiveCfg = Debug|Any CPU
		{614F8E12-F0EB-461B-A888-2DC10DF472C5}.Debug|Any CPU.Build.0 = Debug|Any CPU
		{614F8E12-F0EB-461B-A888-2DC10DF472C5}.Release|Any CPU.ActiveCfg = Release|Any CPU
		{614F8E12-F0EB-461B-A888-2DC10DF472C5}.Release|Any CPU.Build.0 = Release|Any CPU
	EndGlobalSection
	GlobalSection(SolutionProperties) = preSolution
		HideSolutionNode = FALSE
	EndGlobalSection
	GlobalSection(ExtensibilityGlobals) = postSolution
		SolutionGuid = {307D8E09-283D-429C-BA8B-8A14D0E87EA3}
	EndGlobalSection
EndGlobal
