
Microsoft Visual Studio Solution File, Format Version 12.00
# Visual Studio Version 17
VisualStudioVersion = 17.12.35527.113 d17.12
MinimumVisualStudioVersion = 10.0.40219.1
Project("{FAE04EC0-301F-11D3-BF4B-00C04F79EFBC}") = "InterviewPreparation", "D:\Code\Git\RakeshRaviGovindhan\Interview.Preparation.WPF\InterviewPreparation\InterviewPreparation.csproj", "{CE5BBC78-C9B1-4197-B133-F33255B9521E}"
EndProject
Global
	GlobalSection(SolutionConfigurationPlatforms) = preSolution
		Debug|Any CPU = Debug|Any CPU
		Release|Any CPU = Release|Any CPU
	EndGlobalSection
	GlobalSection(ProjectConfigurationPlatforms) = postSolution
		{CE5BBC78-C9B1-4197-B133-F33255B9521E}.Debug|Any CPU.ActiveCfg = Debug|Any CPU
		{CE5BBC78-C9B1-4197-B133-F33255B9521E}.Debug|Any CPU.Build.0 = Debug|Any CPU
		{CE5BBC78-C9B1-4197-B133-F33255B9521E}.Release|Any CPU.ActiveCfg = Release|Any CPU
		{CE5BBC78-C9B1-4197-B133-F33255B9521E}.Release|Any CPU.Build.0 = Release|Any CPU
	EndGlobalSection
	GlobalSection(SolutionProperties) = preSolution
		HideSolutionNode = FALSE
	EndGlobalSection
	GlobalSection(ExtensibilityGlobals) = postSolution
		SolutionGuid = {307D8E09-283D-429C-BA8B-8A14D0E87EA3}
	EndGlobalSection
EndGlobal
